// !$*UTF8*$!
{
	archiveVersion = 1;
	classes = {
	};
	objectVersion = 50;
	objects = {

/* Begin PBXBuildFile section */
		15663DAB227A1A240028EFAC /* AppDelegate.swift in Sources */ = {isa = PBXBuildFile; fileRef = 15663DAA227A1A240028EFAC /* AppDelegate.swift */; };
		15663DAD227A1A240028EFAC /* GameScene.sks in Resources */ = {isa = PBXBuildFile; fileRef = 15663DAC227A1A240028EFAC /* GameScene.sks */; };
		15663DAF227A1A240028EFAC /* Actions.sks in Resources */ = {isa = PBXBuildFile; fileRef = 15663DAE227A1A240028EFAC /* Actions.sks */; };
		15663DB1227A1A240028EFAC /* GameScene.swift in Sources */ = {isa = PBXBuildFile; fileRef = 15663DB0227A1A240028EFAC /* GameScene.swift */; };
		15663DB3227A1A240028EFAC /* GameViewController.swift in Sources */ = {isa = PBXBuildFile; fileRef = 15663DB2227A1A240028EFAC /* GameViewController.swift */; };
		15663DB6227A1A240028EFAC /* Main.storyboard in Resources */ = {isa = PBXBuildFile; fileRef = 15663DB4227A1A240028EFAC /* Main.storyboard */; };
		15663DB8227A1A250028EFAC /* Assets.xcassets in Resources */ = {isa = PBXBuildFile; fileRef = 15663DB7227A1A250028EFAC /* Assets.xcassets */; };
		15663DBB227A1A250028EFAC /* LaunchScreen.storyboard in Resources */ = {isa = PBXBuildFile; fileRef = 15663DB9227A1A250028EFAC /* LaunchScreen.storyboard */; };
/* End PBXBuildFile section */

/* Begin PBXFileReference section */
		15663DA7227A1A240028EFAC /* Colour Switch.app */ = {isa = PBXFileReference; explicitFileType = wrapper.application; includeInIndex = 0; path = "Colour Switch.app"; sourceTree = BUILT_PRODUCTS_DIR; };
		15663DAA227A1A240028EFAC /* AppDelegate.swift */ = {isa = PBXFileReference; lastKnownFileType = sourcecode.swift; path = AppDelegate.swift; sourceTree = "<group>"; };
		15663DAC227A1A240028EFAC /* GameScene.sks */ = {isa = PBXFileReference; lastKnownFileType = file.sks; path = GameScene.sks; sourceTree = "<group>"; };
		15663DAE227A1A240028EFAC /* Actions.sks */ = {isa = PBXFileReference; lastKnownFileType = file.sks; path = Actions.sks; sourceTree = "<group>"; };
		15663DB0227A1A240028EFAC /* GameScene.swift */ = {isa = PBXFileReference; lastKnownFileType = sourcecode.swift; path = GameScene.swift; sourceTree = "<group>"; };
		15663DB2227A1A240028EFAC /* GameViewController.swift */ = {isa = PBXFileReference; lastKnownFileType = sourcecode.swift; path = GameViewController.swift; sourceTree = "<group>"; };
		15663DB5227A1A240028EFAC /* Base */ = {isa = PBXFileReference; lastKnownFileType = file.storyboard; name = Base; path = Base.lproj/Main.storyboard; sourceTree = "<group>"; };
		15663DB7227A1A250028EFAC /* Assets.xcassets */ = {isa = PBXFileReference; lastKnownFileType = folder.assetcatalog; path = Assets.xcassets; sourceTree = "<group>"; };
		15663DBA227A1A250028EFAC /* Base */ = {isa = PBXFileReference; lastKnownFileType = file.storyboard; name = Base; path = Base.lproj/LaunchScreen.storyboard; sourceTree = "<group>"; };
		15663DBC227A1A250028EFAC /* Info.plist */ = {isa = PBXFileReference; lastKnownFileType = text.plist.xml; path = Info.plist; sourceTree = "<group>"; };
/* End PBXFileReference section */

/* Begin PBXFrameworksBuildPhase section */
		15663DA4227A1A230028EFAC /* Frameworks */ = {
			isa = PBXFrameworksBuildPhase;
			buildActionMask = 2147483647;
			files = (
			);
			runOnlyForDeploymentPostprocessing = 0;
		};
/* End PBXFrameworksBuildPhase section */

/* Begin PBXGroup section */
		15663D9E227A1A230028EFAC = {
			isa = PBXGroup;
			children = (
				15663DA9227A1A240028EFAC /* Colour Switch */,
				15663DA8227A1A240028EFAC /* Products */,
			);
			sourceTree = "<group>";
		};
		15663DA8227A1A240028EFAC /* Products */ = {
			isa = PBXGroup;
			children = (
				15663DA7227A1A240028EFAC /* Colour Switch.app */,
			);
			name = Products;
			sourceTree = "<group>";
		};
		15663DA9227A1A240028EFAC /* Colour Switch */ = {
			isa = PBXGroup;
			children = (
				15663DAA227A1A240028EFAC /* AppDelegate.swift */,
				15663DAC227A1A240028EFAC /* GameScene.sks */,
				15663DAE227A1A240028EFAC /* Actions.sks */,
				15663DB0227A1A240028EFAC /* GameScene.swift */,
				15663DB2227A1A240028EFAC /* GameViewController.swift */,
				15663DB4227A1A240028EFAC /* Main.storyboard */,
				15663DB7227A1A250028EFAC /* Assets.xcassets */,
				15663DB9227A1A250028EFAC /* LaunchScreen.storyboard */,
				15663DBC227A1A250028EFAC /* Info.plist */,
			);
			path = "Colour Switch";
			sourceTree = "<group>";
		};
/* End PBXGroup section */

/* Begin PBXNativeTarget section */
		15663DA6227A1A230028EFAC /* Colour Switch */ = {
			isa = PBXNativeTarget;
			buildConfigurationList = 15663DBF227A1A250028EFAC /* Build configuration list for PBXNativeTarget "Colour Switch" */;
			buildPhases = (
				15663DA3227A1A230028EFAC /* Sources */,
				15663DA4227A1A230028EFAC /* Frameworks */,
				15663DA5227A1A230028EFAC /* Resources */,
			);
			buildRules = (
			);
			dependencies = (
			);
			name = "Colour Switch";
			productName = "Colour Switch";
			productReference = 15663DA7227A1A240028EFAC /* Colour Switch.app */;
			productType = "com.apple.product-type.application";
		};
/* End PBXNativeTarget section */

/* Begin PBXProject section */
		15663D9F227A1A230028EFAC /* Project object */ = {
			isa = PBXProject;
			attributes = {
				LastSwiftUpdateCheck = 1020;
				LastUpgradeCheck = 1020;
				ORGANIZATIONNAME = "Matthew Mashiane";
				TargetAttributes = {
					15663DA6227A1A230028EFAC = {
						CreatedOnToolsVersion = 10.2;
					};
				};
			};
			buildConfigurationList = 15663DA2227A1A230028EFAC /* Build configuration list for PBXProject "Colour Switch" */;
			compatibilityVersion = "Xcode 9.3";
			developmentRegion = en;
			hasScannedForEncodings = 0;
			knownRegions = (
				en,
				Base,
			);
			mainGroup = 15663D9E227A1A230028EFAC;
			productRefGroup = 15663DA8227A1A240028EFAC /* Products */;
			projectDirPath = "";
			projectRoot = "";
			targets = (
				15663DA6227A1A230028EFAC /* Colour Switch */,
			);
		};
/* End PBXProject section */

/* Begin PBXResourcesBuildPhase section */
		15663DA5227A1A230028EFAC /* Resources */ = {
			isa = PBXResourcesBuildPhase;
			buildActionMask = 2147483647;
			files = (
				15663DB6227A1A240028EFAC /* Main.storyboard in Resources */,
				15663DAD227A1A240028EFAC /* GameScene.sks in Resources */,
				15663DB8227A1A250028EFAC /* Assets.xcassets in Resources */,
				15663DBB227A1A250028EFAC /* LaunchScreen.storyboard in Resources */,
				15663DAF227A1A240028EFAC /* Actions.sks in Resources */,
			);
			runOnlyForDeploymentPostprocessing = 0;
		};
/* End PBXResourcesBuildPhase section */

/* Begin PBXSourcesBuildPhase section */
		15663DA3227A1A230028EFAC /* Sources */ = {
			isa = PBXSourcesBuildPhase;
			buildActionMask = 2147483647;
			files = (
				15663DB1227A1A240028EFAC /* GameScene.swift in Sources */,
				15663DB3227A1A240028EFAC /* GameViewController.swift in Sources */,
				15663DAB227A1A240028EFAC /* AppDelegate.swift in Sources */,
			);
			runOnlyForDeploymentPostprocessing = 0;
		};
/* End PBXSourcesBuildPhase section */

/* Begin PBXVariantGroup section */
		15663DB4227A1A240028EFAC /* Main.storyboard */ = {
			isa = PBXVariantGroup;
			children = (
				15663DB5227A1A240028EFAC /* Base */,
			);
			name = Main.storyboard;
			sourceTree = "<group>";
		};
		15663DB9227A1A250028EFAC /* LaunchScreen.storyboard */ = {
			isa = PBXVariantGroup;
			children = (
				15663DBA227A1A250028EFAC /* Base */,
			);
			name = LaunchScreen.storyboard;
			sourceTree = "<group>";
		};
/* End PBXVariantGroup section */

/* Begin XCBuildConfiguration section */
		15663DBD227A1A250028EFAC /* Debug */ = {
			isa = XCBuildConfiguration;
			buildSettings = {
				ALWAYS_SEARCH_USER_PATHS = NO;
				CLANG_ANALYZER_NONNULL = YES;
				CLANG_ANALYZER_NUMBER_OBJECT_CONVERSION = YES_AGGRESSIVE;
				CLANG_CXX_LANGUAGE_STANDARD = "gnu++14";
				CLANG_CXX_LIBRARY = "libc++";
				CLANG_ENABLE_MODULES = YES;
				CLANG_ENABLE_OBJC_ARC = YES;
				CLANG_ENABLE_OBJC_WEAK = YES;
				CLANG_WARN_BLOCK_CAPTURE_AUTORELEASING = YES;
				CLANG_WARN_BOOL_CONVERSION = YES;
				CLANG_WARN_COMMA = YES;
				CLANG_WARN_CONSTANT_CONVERSION = YES;
				CLANG_WARN_DEPRECATED_OBJC_IMPLEMENTATIONS = YES;
				CLANG_WARN_DIRECT_OBJC_ISA_USAGE = YES_ERROR;
				CLANG_WARN_DOCUMENTATION_COMMENTS = YES;
				CLANG_WARN_EMPTY_BODY = YES;
				CLANG_WARN_ENUM_CONVERSION = YES;
				CLANG_WARN_INFINITE_RECURSION = YES;
				CLANG_WARN_INT_CONVERSION = YES;
				CLANG_WARN_NON_LITERAL_NULL_CONVERSION = YES;
				CLANG_WARN_OBJC_IMPLICIT_RETAIN_SELF = YES;
				CLANG_WARN_OBJC_LITERAL_CONVERSION = YES;
				CLANG_WARN_OBJC_ROOT_CLASS = YES_ERROR;
				CLANG_WARN_RANGE_LOOP_ANALYSIS = YES;
				CLANG_WARN_STRICT_PROTOTYPES = YES;
				CLANG_WARN_SUSPICIOUS_MOVE = YES;
				CLANG_WARN_UNGUARDED_AVAILABILITY = YES_AGGRESSIVE;
				CLANG_WARN_UNREACHABLE_CODE = YES;
				CLANG_WARN__DUPLICATE_METHOD_MATCH = YES;
				CODE_SIGN_IDENTITY = "iPhone Developer";
				COPY_PHASE_STRIP = NO;
				DEBUG_INFORMATION_FORMAT = dwarf;
				ENABLE_STRICT_OBJC_MSGSEND = YES;
				ENABLE_TESTABILITY = YES;
				GCC_C_LANGUAGE_STANDARD = gnu11;
				GCC_DYNAMIC_NO_PIC = NO;
				GCC_NO_COMMON_BLOCKS = YES;
				GCC_OPTIMIZATION_LEVEL = 0;
				GCC_PREPROCESSOR_DEFINITIONS = (
					"DEBUG=1",
					"$(inherited)",
				);
				GCC_WARN_64_TO_32_BIT_CONVERSION = YES;
				GCC_WARN_ABOUT_RETURN_TYPE = YES_ERROR;
				GCC_WARN_UNDECLARED_SELECTOR = YES;
				GCC_WARN_UNINITIALIZED_AUTOS = YES_AGGRESSIVE;
				GCC_WARN_UNUSED_FUNCTION = YES;
				GCC_WARN_UNUSED_VARIABLE = YES;
				IPHONEOS_DEPLOYMENT_TARGET = 12.2;
				MTL_ENABLE_DEBUG_INFO = INCLUDE_SOURCE;
				MTL_FAST_MATH = YES;
				ONLY_ACTIVE_ARCH = YES;
				SDKROOT = iphoneos;
				SWIFT_ACTIVE_COMPILATION_CONDITIONS = DEBUG;
				SWIFT_OPTIMIZATION_LEVEL = "-Onone";
			};
			name = Debug;
		};
		15663DBE227A1A250028EFAC /* Release */ = {
			isa = XCBuildConfiguration;
			buildSettings = {
				ALWAYS_SEARCH_USER_PATHS = NO;
				CLANG_ANALYZER_NONNULL = YES;
				CLANG_ANALYZER_NUMBER_OBJECT_CONVERSION = YES_AGGRESSIVE;
				CLANG_CXX_LANGUAGE_STANDARD = "gnu++14";
				CLANG_CXX_LIBRARY = "libc++";
				CLANG_ENABLE_MODULES = YES;
				CLANG_ENABLE_OBJC_ARC = YES;
				CLANG_ENABLE_OBJC_WEAK = YES;
				CLANG_WARN_BLOCK_CAPTURE_AUTORELEASING = YES;
				CLANG_WARN_BOOL_CONVERSION = YES;
				CLANG_WARN_COMMA = YES;
				CLANG_WARN_CONSTANT_CONVERSION = YES;
				CLANG_WARN_DEPRECATED_OBJC_IMPLEMENTATIONS = YES;
				CLANG_WARN_DIRECT_OBJC_ISA_USAGE = YES_ERROR;
				CLANG_WARN_DOCUMENTATION_COMMENTS = YES;
				CLANG_WARN_EMPTY_BODY = YES;
				CLANG_WARN_ENUM_CONVERSION = YES;
				CLANG_WARN_INFINITE_RECURSION = YES;
				CLANG_WARN_INT_CONVERSION = YES;
				CLANG_WARN_NON_LITERAL_NULL_CONVERSION = YES;
				CLANG_WARN_OBJC_IMPLICIT_RETAIN_SELF = YES;
				CLANG_WARN_OBJC_LITERAL_CONVERSION = YES;
				CLANG_WARN_OBJC_ROOT_CLASS = YES_ERROR;
				CLANG_WARN_RANGE_LOOP_ANALYSIS = YES;
				CLANG_WARN_STRICT_PROTOTYPES = YES;
				CLANG_WARN_SUSPICIOUS_MOVE = YES;
				CLANG_WARN_UNGUARDED_AVAILABILITY = YES_AGGRESSIVE;
				CLANG_WARN_UNREACHABLE_CODE = YES;
				CLANG_WARN__DUPLICATE_METHOD_MATCH = YES;
				CODE_SIGN_IDENTITY = "iPhone Developer";
				COPY_PHASE_STRIP = NO;
				DEBUG_INFORMATION_FORMAT = "dwarf-with-dsym";
				ENABLE_NS_ASSERTIONS = NO;
				ENABLE_STRICT_OBJC_MSGSEND = YES;
				GCC_C_LANGUAGE_STANDARD = gnu11;
				GCC_NO_COMMON_BLOCKS = YES;
				GCC_WARN_64_TO_32_BIT_CONVERSION = YES;
				GCC_WARN_ABOUT_RETURN_TYPE = YES_ERROR;
				GCC_WARN_UNDECLARED_SELECTOR = YES;
				GCC_WARN_UNINITIALIZED_AUTOS = YES_AGGRESSIVE;
				GCC_WARN_UNUSED_FUNCTION = YES;
				GCC_WARN_UNUSED_VARIABLE = YES;
				IPHONEOS_DEPLOYMENT_TARGET = 12.2;
				MTL_ENABLE_DEBUG_INFO = NO;
				MTL_FAST_MATH = YES;
				SDKROOT = iphoneos;
				SWIFT_COMPILATION_MODE = wholemodule;
				SWIFT_OPTIMIZATION_LEVEL = "-O";
				VALIDATE_PRODUCT = YES;
			};
			name = Release;
		};
		15663DC0227A1A250028EFAC /* Debug */ = {
			isa = XCBuildConfiguration;
			buildSettings = {
				ASSETCATALOG_COMPILER_APPICON_NAME = AppIcon;
				CODE_SIGN_STYLE = Automatic;
				INFOPLIST_FILE = "Colour Switch/Info.plist";
				LD_RUNPATH_SEARCH_PATHS = (
					"$(inherited)",
					"@executable_path/Frameworks",
				);
				PRODUCT_BUNDLE_IDENTIFIER = "com.matt.Colour-Switch";
				PRODUCT_NAME = "$(TARGET_NAME)";
				SWIFT_VERSION = 5.0;
				TARGETED_DEVICE_FAMILY = "1,2";
			};
			name = Debug;
		};
		15663DC1227A1A250028EFAC /* Release */ = {
			isa = XCBuildConfiguration;
			buildSettings = {
				ASSETCATALOG_COMPILER_APPICON_NAME = AppIcon;
				CODE_SIGN_STYLE = Automatic;
				INFOPLIST_FILE = "Colour Switch/Info.plist";
				LD_RUNPATH_SEARCH_PATHS = (
					"$(inherited)",
					"@executable_path/Frameworks",
				);
				PRODUCT_BUNDLE_IDENTIFIER = "com.matt.Colour-Switch";
				PRODUCT_NAME = "$(TARGET_NAME)";
				SWIFT_VERSION = 5.0;
				TARGETED_DEVICE_FAMILY = "1,2";
			};
			name = Release;
		};
/* End XCBuildConfiguration section */

/* Begin XCConfigurationList section */
		15663DA2227A1A230028EFAC /* Build configuration list for PBXProject "Colour Switch" */ = {
			isa = XCConfigurationList;
			buildConfigurations = (
				15663DBD227A1A250028EFAC /* Debug */,
				15663DBE227A1A250028EFAC /* Release */,
			);
			defaultConfigurationIsVisible = 0;
			defaultConfigurationName = Release;
		};
		15663DBF227A1A250028EFAC /* Build configuration list for PBXNativeTarget "Colour Switch" */ = {
			isa = XCConfigurationList;
			buildConfigurations = (
				15663DC0227A1A250028EFAC /* Debug */,
				15663DC1227A1A250028EFAC /* Release */,
			);
			defaultConfigurationIsVisible = 0;
			defaultConfigurationName = Release;
		};
/* End XCConfigurationList section */
	};
	rootObject = 15663D9F227A1A230028EFAC /* Project object */;
}
